
Microsoft Visual Studio Solution File, Format Version 12.00
# Visual Studio Version 17
VisualStudioVersion = 17.4.33205.214
MinimumVisualStudioVersion = 10.0.40219.1
Project("{FAE04EC0-301F-11D3-BF4B-00C04F79EFBC}") = "GreyBot", "GreyBot\GreyBot.csproj", "{600EBFC3-99D7-43B5-B1C1-4F000840C1AE}"
EndProject
Global
	GlobalSection(SolutionConfigurationPlatforms) = preSolution
		Debug|Any CPU = Debug|Any CPU
		Release|Any CPU = Release|Any CPU
	EndGlobalSection
	GlobalSection(ProjectConfigurationPlatforms) = postSolution
		{600EBFC3-99D7-43B5-B1C1-4F000840C1AE}.Debug|Any CPU.ActiveCfg = Debug|Any CPU
		{600EBFC3-99D7-43B5-B1C1-4F000840C1AE}.Debug|Any CPU.Build.0 = Debug|Any CPU
		{600EBFC3-99D7-43B5-B1C1-4F000840C1AE}.Release|Any CPU.ActiveCfg = Release|Any CPU
		{600EBFC3-99D7-43B5-B1C1-4F000840C1AE}.Release|Any CPU.Build.0 = Release|Any CPU
	EndGlobalSection
	GlobalSection(SolutionProperties) = preSolution
		HideSolutionNode = FALSE
	EndGlobalSection
	GlobalSection(ExtensibilityGlobals) = postSolution
		SolutionGuid = {B1E53F69-5958-42A5-906A-D75C8901C545}
	EndGlobalSection
EndGlobal
